PODS:
  - XCTest (3.0.1)

DEPENDENCIES:
  - XCTest (from `./XCTest.podspec`)

EXTERNAL SOURCES:
  XCTest:
    :podspec: "./XCTest.podspec"

CHECKOUT OPTIONS:
  XCTest:
    :commit: 51b419d4b815a7e7af66d197469d5481613f70a4
    :git: https://github.com/apple/swift-corelibs-xctest.git

SPEC CHECKSUMS:
  XCTest: d34af296c036ebee056fdbe336865fc637b8100a

PODFILE CHECKSUM: 5ad763ef734e80762844baedf26205c830f0e3ae

COCOAPODS: 1.1.1
